
Microsoft Visual Studio Solution File, Format Version 12.00
# Visual Studio 2012
Project("{FAE04EC0-301F-11D3-BF4B-00C04F79EFBC}") = "AppsRoulet", "AppsRoulet\AppsRoulet.csproj", "{23FB4989-7519-4223-B1EC-72F5AC01E920}"
EndProject
Project("{FAE04EC0-301F-11D3-BF4B-00C04F79EFBC}") = "FstnUserControl", "FstnUserControl\FstnUserControl.csproj", "{C19FEDFB-44B9-4390-8979-1EFD1A902AEB}"
EndProject
Global
	GlobalSection(SolutionConfigurationPlatforms) = preSolution
		Debug|Any CPU = Debug|Any CPU
		Release|Any CPU = Release|Any CPU
	EndGlobalSection
	GlobalSection(ProjectConfigurationPlatforms) = postSolution
		{23FB4989-7519-4223-B1EC-72F5AC01E920}.Debug|Any CPU.ActiveCfg = Debug|Any CPU
		{23FB4989-7519-4223-B1EC-72F5AC01E920}.Debug|Any CPU.Build.0 = Debug|Any CPU
		{23FB4989-7519-4223-B1EC-72F5AC01E920}.Debug|Any CPU.Deploy.0 = Debug|Any CPU
		{23FB4989-7519-4223-B1EC-72F5AC01E920}.Release|Any CPU.ActiveCfg = Release|Any CPU
		{23FB4989-7519-4223-B1EC-72F5AC01E920}.Release|Any CPU.Build.0 = Release|Any CPU
		{23FB4989-7519-4223-B1EC-72F5AC01E920}.Release|Any CPU.Deploy.0 = Release|Any CPU
		{C19FEDFB-44B9-4390-8979-1EFD1A902AEB}.Debug|Any CPU.ActiveCfg = Debug|Any CPU
		{C19FEDFB-44B9-4390-8979-1EFD1A902AEB}.Debug|Any CPU.Build.0 = Debug|Any CPU
		{C19FEDFB-44B9-4390-8979-1EFD1A902AEB}.Release|Any CPU.ActiveCfg = Release|Any CPU
		{C19FEDFB-44B9-4390-8979-1EFD1A902AEB}.Release|Any CPU.Build.0 = Release|Any CPU
	EndGlobalSection
	GlobalSection(SolutionProperties) = preSolution
		HideSolutionNode = FALSE
	EndGlobalSection
EndGlobal
